// !$*UTF8*$!
{
	archiveVersion = 1;
	classes = {
	};
	objectVersion = 50;
	objects = {

/* Begin PBXBuildFile section */
		EEE14A1226D2AFE20076344A /* AppDelegate.swift in Sources */ = {isa = PBXBuildFile; fileRef = EEE14A1126D2AFE20076344A /* AppDelegate.swift */; };
		EEE14A1426D2AFE20076344A /* SceneDelegate.swift in Sources */ = {isa = PBXBuildFile; fileRef = EEE14A1326D2AFE20076344A /* SceneDelegate.swift */; };
		EEE14A1626D2AFE20076344A /* AuthViewController.swift in Sources */ = {isa = PBXBuildFile; fileRef = EEE14A1526D2AFE20076344A /* AuthViewController.swift */; };
		EEE14A1B26D2AFE40076344A /* Assets.xcassets in Resources */ = {isa = PBXBuildFile; fileRef = EEE14A1A26D2AFE40076344A /* Assets.xcassets */; };
		EEE14A1E26D2AFE40076344A /* LaunchScreen.storyboard in Resources */ = {isa = PBXBuildFile; fileRef = EEE14A1C26D2AFE40076344A /* LaunchScreen.storyboard */; };
		EEE14A2626D2CDEF0076344A /* UIButton + extension.swift in Sources */ = {isa = PBXBuildFile; fileRef = EEE14A2526D2CDEF0076344A /* UIButton + extension.swift */; };
		EEE14A2826D2D2CF0076344A /* UIFont + extencion.swift in Sources */ = {isa = PBXBuildFile; fileRef = EEE14A2726D2D2CF0076344A /* UIFont + extencion.swift */; };
		EEE14A2A26D2D4420076344A /* UIColor + extencion.swift in Sources */ = {isa = PBXBuildFile; fileRef = EEE14A2926D2D4410076344A /* UIColor + extencion.swift */; };
		EEE14A2C26D2D7780076344A /* Label + extension.swift in Sources */ = {isa = PBXBuildFile; fileRef = EEE14A2B26D2D7780076344A /* Label + extension.swift */; };
		EEE14A2E26D2D9A80076344A /* UIImageView + extension.swift in Sources */ = {isa = PBXBuildFile; fileRef = EEE14A2D26D2D9A80076344A /* UIImageView + extension.swift */; };
		EEE14A3126D33C650076344A /* buttonFormView.swift in Sources */ = {isa = PBXBuildFile; fileRef = EEE14A3026D33C650076344A /* buttonFormView.swift */; };
		EEE14A3326D345590076344A /* stackVIew + extension.swift in Sources */ = {isa = PBXBuildFile; fileRef = EEE14A3226D345590076344A /* stackVIew + extension.swift */; };
		EEE14A3526D3490B0076344A /* SignUpViewController.swift in Sources */ = {isa = PBXBuildFile; fileRef = EEE14A3426D3490B0076344A /* SignUpViewController.swift */; };
		EEE14A3726D396BE0076344A /* OneLineTextfield.swift in Sources */ = {isa = PBXBuildFile; fileRef = EEE14A3626D396BE0076344A /* OneLineTextfield.swift */; };
		EEE14A5426D3AEFA0076344A /* LoginViewController.swift in Sources */ = {isa = PBXBuildFile; fileRef = EEE14A5326D3AEFA0076344A /* LoginViewController.swift */; };
/* End PBXBuildFile section */

/* Begin PBXFileReference section */
		EEE14A0E26D2AFE20076344A /* IChatSwiftBook.app */ = {isa = PBXFileReference; explicitFileType = wrapper.application; includeInIndex = 0; path = IChatSwiftBook.app; sourceTree = BUILT_PRODUCTS_DIR; };
		EEE14A1126D2AFE20076344A /* AppDelegate.swift */ = {isa = PBXFileReference; lastKnownFileType = sourcecode.swift; path = AppDelegate.swift; sourceTree = "<group>"; };
		EEE14A1326D2AFE20076344A /* SceneDelegate.swift */ = {isa = PBXFileReference; lastKnownFileType = sourcecode.swift; path = SceneDelegate.swift; sourceTree = "<group>"; };
		EEE14A1526D2AFE20076344A /* AuthViewController.swift */ = {isa = PBXFileReference; lastKnownFileType = sourcecode.swift; path = AuthViewController.swift; sourceTree = "<group>"; };
		EEE14A1A26D2AFE40076344A /* Assets.xcassets */ = {isa = PBXFileReference; lastKnownFileType = folder.assetcatalog; path = Assets.xcassets; sourceTree = "<group>"; };
		EEE14A1D26D2AFE40076344A /* Base */ = {isa = PBXFileReference; lastKnownFileType = file.storyboard; name = Base; path = Base.lproj/LaunchScreen.storyboard; sourceTree = "<group>"; };
		EEE14A1F26D2AFE40076344A /* Info.plist */ = {isa = PBXFileReference; lastKnownFileType = text.plist.xml; path = Info.plist; sourceTree = "<group>"; };
		EEE14A2526D2CDEF0076344A /* UIButton + extension.swift */ = {isa = PBXFileReference; lastKnownFileType = sourcecode.swift; path = "UIButton + extension.swift"; sourceTree = "<group>"; };
		EEE14A2726D2D2CF0076344A /* UIFont + extencion.swift */ = {isa = PBXFileReference; lastKnownFileType = sourcecode.swift; path = "UIFont + extencion.swift"; sourceTree = "<group>"; };
		EEE14A2926D2D4410076344A /* UIColor + extencion.swift */ = {isa = PBXFileReference; lastKnownFileType = sourcecode.swift; path = "UIColor + extencion.swift"; sourceTree = "<group>"; };
		EEE14A2B26D2D7780076344A /* Label + extension.swift */ = {isa = PBXFileReference; lastKnownFileType = sourcecode.swift; path = "Label + extension.swift"; sourceTree = "<group>"; };
		EEE14A2D26D2D9A80076344A /* UIImageView + extension.swift */ = {isa = PBXFileReference; lastKnownFileType = sourcecode.swift; path = "UIImageView + extension.swift"; sourceTree = "<group>"; };
		EEE14A3026D33C650076344A /* buttonFormView.swift */ = {isa = PBXFileReference; lastKnownFileType = sourcecode.swift; path = buttonFormView.swift; sourceTree = "<group>"; };
		EEE14A3226D345590076344A /* stackVIew + extension.swift */ = {isa = PBXFileReference; lastKnownFileType = sourcecode.swift; path = "stackVIew + extension.swift"; sourceTree = "<group>"; };
		EEE14A3426D3490B0076344A /* SignUpViewController.swift */ = {isa = PBXFileReference; lastKnownFileType = sourcecode.swift; path = SignUpViewController.swift; sourceTree = "<group>"; };
		EEE14A3626D396BE0076344A /* OneLineTextfield.swift */ = {isa = PBXFileReference; lastKnownFileType = sourcecode.swift; path = OneLineTextfield.swift; sourceTree = "<group>"; };
		EEE14A5326D3AEFA0076344A /* LoginViewController.swift */ = {isa = PBXFileReference; lastKnownFileType = sourcecode.swift; path = LoginViewController.swift; sourceTree = "<group>"; };
/* End PBXFileReference section */

/* Begin PBXFrameworksBuildPhase section */
		EEE14A0B26D2AFE20076344A /* Frameworks */ = {
			isa = PBXFrameworksBuildPhase;
			buildActionMask = 2147483647;
			files = (
			);
			runOnlyForDeploymentPostprocessing = 0;
		};
/* End PBXFrameworksBuildPhase section */

/* Begin PBXGroup section */
		EEE14A0526D2AFE20076344A = {
			isa = PBXGroup;
			children = (
				EEE14A1026D2AFE20076344A /* IChatSwiftBook */,
				EEE14A0F26D2AFE20076344A /* Products */,
			);
			sourceTree = "<group>";
		};
		EEE14A0F26D2AFE20076344A /* Products */ = {
			isa = PBXGroup;
			children = (
				EEE14A0E26D2AFE20076344A /* IChatSwiftBook.app */,
			);
			name = Products;
			sourceTree = "<group>";
		};
		EEE14A1026D2AFE20076344A /* IChatSwiftBook */ = {
			isa = PBXGroup;
			children = (
				EEE14A1126D2AFE20076344A /* AppDelegate.swift */,
				EEE14A1326D2AFE20076344A /* SceneDelegate.swift */,
				EEE14A1526D2AFE20076344A /* AuthViewController.swift */,
				EEE14A3426D3490B0076344A /* SignUpViewController.swift */,
				EEE14A5326D3AEFA0076344A /* LoginViewController.swift */,
				EEE14A3026D33C650076344A /* buttonFormView.swift */,
				EEE14A2F26D33A2B0076344A /* extension */,
				EEE14A1A26D2AFE40076344A /* Assets.xcassets */,
				EEE14A1C26D2AFE40076344A /* LaunchScreen.storyboard */,
				EEE14A1F26D2AFE40076344A /* Info.plist */,
			);
			path = IChatSwiftBook;
			sourceTree = "<group>";
		};
		EEE14A2F26D33A2B0076344A /* extension */ = {
			isa = PBXGroup;
			children = (
				EEE14A3626D396BE0076344A /* OneLineTextfield.swift */,
				EEE14A3226D345590076344A /* stackVIew + extension.swift */,
				EEE14A2B26D2D7780076344A /* Label + extension.swift */,
				EEE14A2726D2D2CF0076344A /* UIFont + extencion.swift */,
				EEE14A2926D2D4410076344A /* UIColor + extencion.swift */,
				EEE14A2526D2CDEF0076344A /* UIButton + extension.swift */,
				EEE14A2D26D2D9A80076344A /* UIImageView + extension.swift */,
			);
			path = extension;
			sourceTree = "<group>";
		};
/* End PBXGroup section */

/* Begin PBXNativeTarget section */
		EEE14A0D26D2AFE20076344A /* IChatSwiftBook */ = {
			isa = PBXNativeTarget;
			buildConfigurationList = EEE14A2226D2AFE40076344A /* Build configuration list for PBXNativeTarget "IChatSwiftBook" */;
			buildPhases = (
				EEE14A0A26D2AFE20076344A /* Sources */,
				EEE14A0B26D2AFE20076344A /* Frameworks */,
				EEE14A0C26D2AFE20076344A /* Resources */,
			);
			buildRules = (
			);
			dependencies = (
			);
			name = IChatSwiftBook;
			productName = IChatSwiftBook;
			productReference = EEE14A0E26D2AFE20076344A /* IChatSwiftBook.app */;
			productType = "com.apple.product-type.application";
		};
/* End PBXNativeTarget section */

/* Begin PBXProject section */
		EEE14A0626D2AFE20076344A /* Project object */ = {
			isa = PBXProject;
			attributes = {
				LastSwiftUpdateCheck = 1250;
				LastUpgradeCheck = 1250;
				TargetAttributes = {
					EEE14A0D26D2AFE20076344A = {
						CreatedOnToolsVersion = 12.5.1;
					};
				};
			};
			buildConfigurationList = EEE14A0926D2AFE20076344A /* Build configuration list for PBXProject "IChatSwiftBook" */;
			compatibilityVersion = "Xcode 9.3";
			developmentRegion = en;
			hasScannedForEncodings = 0;
			knownRegions = (
				en,
				Base,
			);
			mainGroup = EEE14A0526D2AFE20076344A;
			productRefGroup = EEE14A0F26D2AFE20076344A /* Products */;
			projectDirPath = "";
			projectRoot = "";
			targets = (
				EEE14A0D26D2AFE20076344A /* IChatSwiftBook */,
			);
		};
/* End PBXProject section */

/* Begin PBXResourcesBuildPhase section */
		EEE14A0C26D2AFE20076344A /* Resources */ = {
			isa = PBXResourcesBuildPhase;
			buildActionMask = 2147483647;
			files = (
				EEE14A1E26D2AFE40076344A /* LaunchScreen.storyboard in Resources */,
				EEE14A1B26D2AFE40076344A /* Assets.xcassets in Resources */,
			);
			runOnlyForDeploymentPostprocessing = 0;
		};
/* End PBXResourcesBuildPhase section */

/* Begin PBXSourcesBuildPhase section */
		EEE14A0A26D2AFE20076344A /* Sources */ = {
			isa = PBXSourcesBuildPhase;
			buildActionMask = 2147483647;
			files = (
				EEE14A3526D3490B0076344A /* SignUpViewController.swift in Sources */,
				EEE14A1626D2AFE20076344A /* AuthViewController.swift in Sources */,
				EEE14A2826D2D2CF0076344A /* UIFont + extencion.swift in Sources */,
				EEE14A1226D2AFE20076344A /* AppDelegate.swift in Sources */,
				EEE14A3326D345590076344A /* stackVIew + extension.swift in Sources */,
				EEE14A3126D33C650076344A /* buttonFormView.swift in Sources */,
				EEE14A2A26D2D4420076344A /* UIColor + extencion.swift in Sources */,
				EEE14A2E26D2D9A80076344A /* UIImageView + extension.swift in Sources */,
				EEE14A3726D396BE0076344A /* OneLineTextfield.swift in Sources */,
				EEE14A1426D2AFE20076344A /* SceneDelegate.swift in Sources */,
				EEE14A2C26D2D7780076344A /* Label + extension.swift in Sources */,
				EEE14A5426D3AEFA0076344A /* LoginViewController.swift in Sources */,
				EEE14A2626D2CDEF0076344A /* UIButton + extension.swift in Sources */,
			);
			runOnlyForDeploymentPostprocessing = 0;
		};
/* End PBXSourcesBuildPhase section */

/* Begin PBXVariantGroup section */
		EEE14A1C26D2AFE40076344A /* LaunchScreen.storyboard */ = {
			isa = PBXVariantGroup;
			children = (
				EEE14A1D26D2AFE40076344A /* Base */,
			);
			name = LaunchScreen.storyboard;
			sourceTree = "<group>";
		};
/* End PBXVariantGroup section */

/* Begin XCBuildConfiguration section */
		EEE14A2026D2AFE40076344A /* Debug */ = {
			isa = XCBuildConfiguration;
			buildSettings = {
				ALWAYS_SEARCH_USER_PATHS = NO;
				CLANG_ANALYZER_NONNULL = YES;
				CLANG_ANALYZER_NUMBER_OBJECT_CONVERSION = YES_AGGRESSIVE;
				CLANG_CXX_LANGUAGE_STANDARD = "gnu++14";
				CLANG_CXX_LIBRARY = "libc++";
				CLANG_ENABLE_MODULES = YES;
				CLANG_ENABLE_OBJC_ARC = YES;
				CLANG_ENABLE_OBJC_WEAK = YES;
				CLANG_WARN_BLOCK_CAPTURE_AUTORELEASING = YES;
				CLANG_WARN_BOOL_CONVERSION = YES;
				CLANG_WARN_COMMA = YES;
				CLANG_WARN_CONSTANT_CONVERSION = YES;
				CLANG_WARN_DEPRECATED_OBJC_IMPLEMENTATIONS = YES;
				CLANG_WARN_DIRECT_OBJC_ISA_USAGE = YES_ERROR;
				CLANG_WARN_DOCUMENTATION_COMMENTS = YES;
				CLANG_WARN_EMPTY_BODY = YES;
				CLANG_WARN_ENUM_CONVERSION = YES;
				CLANG_WARN_INFINITE_RECURSION = YES;
				CLANG_WARN_INT_CONVERSION = YES;
				CLANG_WARN_NON_LITERAL_NULL_CONVERSION = YES;
				CLANG_WARN_OBJC_IMPLICIT_RETAIN_SELF = YES;
				CLANG_WARN_OBJC_LITERAL_CONVERSION = YES;
				CLANG_WARN_OBJC_ROOT_CLASS = YES_ERROR;
				CLANG_WARN_QUOTED_INCLUDE_IN_FRAMEWORK_HEADER = YES;
				CLANG_WARN_RANGE_LOOP_ANALYSIS = YES;
				CLANG_WARN_STRICT_PROTOTYPES = YES;
				CLANG_WARN_SUSPICIOUS_MOVE = YES;
				CLANG_WARN_UNGUARDED_AVAILABILITY = YES_AGGRESSIVE;
				CLANG_WARN_UNREACHABLE_CODE = YES;
				CLANG_WARN__DUPLICATE_METHOD_MATCH = YES;
				COPY_PHASE_STRIP = NO;
				DEBUG_INFORMATION_FORMAT = dwarf;
				ENABLE_STRICT_OBJC_MSGSEND = YES;
				ENABLE_TESTABILITY = YES;
				GCC_C_LANGUAGE_STANDARD = gnu11;
				GCC_DYNAMIC_NO_PIC = NO;
				GCC_NO_COMMON_BLOCKS = YES;
				GCC_OPTIMIZATION_LEVEL = 0;
				GCC_PREPROCESSOR_DEFINITIONS = (
					"DEBUG=1",
					"$(inherited)",
				);
				GCC_WARN_64_TO_32_BIT_CONVERSION = YES;
				GCC_WARN_ABOUT_RETURN_TYPE = YES_ERROR;
				GCC_WARN_UNDECLARED_SELECTOR = YES;
				GCC_WARN_UNINITIALIZED_AUTOS = YES_AGGRESSIVE;
				GCC_WARN_UNUSED_FUNCTION = YES;
				GCC_WARN_UNUSED_VARIABLE = YES;
				IPHONEOS_DEPLOYMENT_TARGET = 14.5;
				MTL_ENABLE_DEBUG_INFO = INCLUDE_SOURCE;
				MTL_FAST_MATH = YES;
				ONLY_ACTIVE_ARCH = YES;
				SDKROOT = iphoneos;
				SWIFT_ACTIVE_COMPILATION_CONDITIONS = DEBUG;
				SWIFT_OPTIMIZATION_LEVEL = "-Onone";
			};
			name = Debug;
		};
		EEE14A2126D2AFE40076344A /* Release */ = {
			isa = XCBuildConfiguration;
			buildSettings = {
				ALWAYS_SEARCH_USER_PATHS = NO;
				CLANG_ANALYZER_NONNULL = YES;
				CLANG_ANALYZER_NUMBER_OBJECT_CONVERSION = YES_AGGRESSIVE;
				CLANG_CXX_LANGUAGE_STANDARD = "gnu++14";
				CLANG_CXX_LIBRARY = "libc++";
				CLANG_ENABLE_MODULES = YES;
				CLANG_ENABLE_OBJC_ARC = YES;
				CLANG_ENABLE_OBJC_WEAK = YES;
				CLANG_WARN_BLOCK_CAPTURE_AUTORELEASING = YES;
				CLANG_WARN_BOOL_CONVERSION = YES;
				CLANG_WARN_COMMA = YES;
				CLANG_WARN_CONSTANT_CONVERSION = YES;
				CLANG_WARN_DEPRECATED_OBJC_IMPLEMENTATIONS = YES;
				CLANG_WARN_DIRECT_OBJC_ISA_USAGE = YES_ERROR;
				CLANG_WARN_DOCUMENTATION_COMMENTS = YES;
				CLANG_WARN_EMPTY_BODY = YES;
				CLANG_WARN_ENUM_CONVERSION = YES;
				CLANG_WARN_INFINITE_RECURSION = YES;
				CLANG_WARN_INT_CONVERSION = YES;
				CLANG_WARN_NON_LITERAL_NULL_CONVERSION = YES;
				CLANG_WARN_OBJC_IMPLICIT_RETAIN_SELF = YES;
				CLANG_WARN_OBJC_LITERAL_CONVERSION = YES;
				CLANG_WARN_OBJC_ROOT_CLASS = YES_ERROR;
				CLANG_WARN_QUOTED_INCLUDE_IN_FRAMEWORK_HEADER = YES;
				CLANG_WARN_RANGE_LOOP_ANALYSIS = YES;
				CLANG_WARN_STRICT_PROTOTYPES = YES;
				CLANG_WARN_SUSPICIOUS_MOVE = YES;
				CLANG_WARN_UNGUARDED_AVAILABILITY = YES_AGGRESSIVE;
				CLANG_WARN_UNREACHABLE_CODE = YES;
				CLANG_WARN__DUPLICATE_METHOD_MATCH = YES;
				COPY_PHASE_STRIP = NO;
				DEBUG_INFORMATION_FORMAT = "dwarf-with-dsym";
				ENABLE_NS_ASSERTIONS = NO;
				ENABLE_STRICT_OBJC_MSGSEND = YES;
				GCC_C_LANGUAGE_STANDARD = gnu11;
				GCC_NO_COMMON_BLOCKS = YES;
				GCC_WARN_64_TO_32_BIT_CONVERSION = YES;
				GCC_WARN_ABOUT_RETURN_TYPE = YES_ERROR;
				GCC_WARN_UNDECLARED_SELECTOR = YES;
				GCC_WARN_UNINITIALIZED_AUTOS = YES_AGGRESSIVE;
				GCC_WARN_UNUSED_FUNCTION = YES;
				GCC_WARN_UNUSED_VARIABLE = YES;
				IPHONEOS_DEPLOYMENT_TARGET = 14.5;
				MTL_ENABLE_DEBUG_INFO = NO;
				MTL_FAST_MATH = YES;
				SDKROOT = iphoneos;
				SWIFT_COMPILATION_MODE = wholemodule;
				SWIFT_OPTIMIZATION_LEVEL = "-O";
				VALIDATE_PRODUCT = YES;
			};
			name = Release;
		};
		EEE14A2326D2AFE40076344A /* Debug */ = {
			isa = XCBuildConfiguration;
			buildSettings = {
				ASSETCATALOG_COMPILER_APPICON_NAME = AppIcon;
				ASSETCATALOG_COMPILER_GLOBAL_ACCENT_COLOR_NAME = AccentColor;
				CODE_SIGN_STYLE = Automatic;
				DEVELOPMENT_TEAM = 9C3YYD2ZUU;
				INFOPLIST_FILE = IChatSwiftBook/Info.plist;
				LD_RUNPATH_SEARCH_PATHS = (
					"$(inherited)",
					"@executable_path/Frameworks",
				);
				PRODUCT_BUNDLE_IDENTIFIER = ZhingelStas.IChatSwiftBook;
				PRODUCT_NAME = "$(TARGET_NAME)";
				SWIFT_VERSION = 5.0;
				TARGETED_DEVICE_FAMILY = "1,2";
			};
			name = Debug;
		};
		EEE14A2426D2AFE40076344A /* Release */ = {
			isa = XCBuildConfiguration;
			buildSettings = {
				ASSETCATALOG_COMPILER_APPICON_NAME = AppIcon;
				ASSETCATALOG_COMPILER_GLOBAL_ACCENT_COLOR_NAME = AccentColor;
				CODE_SIGN_STYLE = Automatic;
				DEVELOPMENT_TEAM = 9C3YYD2ZUU;
				INFOPLIST_FILE = IChatSwiftBook/Info.plist;
				LD_RUNPATH_SEARCH_PATHS = (
					"$(inherited)",
					"@executable_path/Frameworks",
				);
				PRODUCT_BUNDLE_IDENTIFIER = ZhingelStas.IChatSwiftBook;
				PRODUCT_NAME = "$(TARGET_NAME)";
				SWIFT_VERSION = 5.0;
				TARGETED_DEVICE_FAMILY = "1,2";
			};
			name = Release;
		};
/* End XCBuildConfiguration section */

/* Begin XCConfigurationList section */
		EEE14A0926D2AFE20076344A /* Build configuration list for PBXProject "IChatSwiftBook" */ = {
			isa = XCConfigurationList;
			buildConfigurations = (
				EEE14A2026D2AFE40076344A /* Debug */,
				EEE14A2126D2AFE40076344A /* Release */,
			);
			defaultConfigurationIsVisible = 0;
			defaultConfigurationName = Release;
		};
		EEE14A2226D2AFE40076344A /* Build configuration list for PBXNativeTarget "IChatSwiftBook" */ = {
			isa = XCConfigurationList;
			buildConfigurations = (
				EEE14A2326D2AFE40076344A /* Debug */,
				EEE14A2426D2AFE40076344A /* Release */,
			);
			defaultConfigurationIsVisible = 0;
			defaultConfigurationName = Release;
		};
/* End XCConfigurationList section */
	};
	rootObject = EEE14A0626D2AFE20076344A /* Project object */;
}
